// !$*UTF8*$!
{
	archiveVersion = 1;
	classes = {
	};
	objectVersion = 56;
	objects = {

/* Begin PBXBuildFile section */
		160612D32D032524002C5707 /* SettingView.swift in Sources */ = {isa = PBXBuildFile; fileRef = 160612D22D032524002C5707 /* SettingView.swift */; };
		160612D82D032D24002C5707 /* TabModel.swift in Sources */ = {isa = PBXBuildFile; fileRef = 160612D72D032D24002C5707 /* TabModel.swift */; };
		160612DB2D033BBB002C5707 /* WriteBtn.swift in Sources */ = {isa = PBXBuildFile; fileRef = 160612DA2D033BBB002C5707 /* WriteBtn.swift */; };
		162F05342CF4A1D70089585F /* FastAPP1.swift in Sources */ = {isa = PBXBuildFile; fileRef = 162F05332CF4A1D70089585F /* FastAPP1.swift */; };
		162F05382CF4A1D90089585F /* Assets.xcassets in Resources */ = {isa = PBXBuildFile; fileRef = 162F05372CF4A1D90089585F /* Assets.xcassets */; };
		162F053B2CF4A1D90089585F /* Preview Assets.xcassets in Resources */ = {isa = PBXBuildFile; fileRef = 162F053A2CF4A1D90089585F /* Preview Assets.xcassets */; };
		162F05422CF4A2380089585F /* LaunchScreen.storyboard in Resources */ = {isa = PBXBuildFile; fileRef = 162F05412CF4A2380089585F /* LaunchScreen.storyboard */; };
		162F054D2CF5F7680089585F /* OnboardingContentModel.swift in Sources */ = {isa = PBXBuildFile; fileRef = 162F054C2CF5F7680089585F /* OnboardingContentModel.swift */; };
		162F05502CF5F7AA0089585F /* OnboardingViewModel.swift in Sources */ = {isa = PBXBuildFile; fileRef = 162F054F2CF5F7AA0089585F /* OnboardingViewModel.swift */; };
		162F05522CF5F89C0089585F /* OnboardingView.swift in Sources */ = {isa = PBXBuildFile; fileRef = 162F05512CF5F89C0089585F /* OnboardingView.swift */; };
		162F05562CF7474F0089585F /* PathType.swift in Sources */ = {isa = PBXBuildFile; fileRef = 162F05552CF7474F0089585F /* PathType.swift */; };
		162F05582CF747B10089585F /* PathModel.swift in Sources */ = {isa = PBXBuildFile; fileRef = 162F05572CF747B10089585F /* PathModel.swift */; };
		162F055A2CF7492A0089585F /* HomeView.swift in Sources */ = {isa = PBXBuildFile; fileRef = 162F05592CF7492A0089585F /* HomeView.swift */; };
		162F055C2CF750B60089585F /* Date+Extensions.swift in Sources */ = {isa = PBXBuildFile; fileRef = 162F055B2CF750B60089585F /* Date+Extensions.swift */; };
		162F055F2CF751D10089585F /* NavigationBtnType.swift in Sources */ = {isa = PBXBuildFile; fileRef = 162F055E2CF751D10089585F /* NavigationBtnType.swift */; };
		162F05612CF752110089585F /* CustomNavigationBar.swift in Sources */ = {isa = PBXBuildFile; fileRef = 162F05602CF752110089585F /* CustomNavigationBar.swift */; };
		162F05642CF755400089585F /* TodoModel.swift in Sources */ = {isa = PBXBuildFile; fileRef = 162F05632CF755400089585F /* TodoModel.swift */; };
		162F05692CF756280089585F /* HomeViewModel.swift in Sources */ = {isa = PBXBuildFile; fileRef = 162F05682CF756280089585F /* HomeViewModel.swift */; };
		162F056B2CF756380089585F /* TodoListView.swift in Sources */ = {isa = PBXBuildFile; fileRef = 162F056A2CF756380089585F /* TodoListView.swift */; };
		162F056D2CF756430089585F /* TodoListViewModel.swift in Sources */ = {isa = PBXBuildFile; fileRef = 162F056C2CF756430089585F /* TodoListViewModel.swift */; };
		162F056F2CF7564D0089585F /* TodoViewModel.swift in Sources */ = {isa = PBXBuildFile; fileRef = 162F056E2CF7564D0089585F /* TodoViewModel.swift */; };
		162F05712CF7565A0089585F /* TodoView.swift in Sources */ = {isa = PBXBuildFile; fileRef = 162F05702CF7565A0089585F /* TodoView.swift */; };
		162F05742CFDC1890089585F /* MemoModel.swift in Sources */ = {isa = PBXBuildFile; fileRef = 162F05732CFDC1890089585F /* MemoModel.swift */; };
		162F05772CFDC1F40089585F /* MemoListView.swift in Sources */ = {isa = PBXBuildFile; fileRef = 162F05762CFDC1F40089585F /* MemoListView.swift */; };
		162F05792CFDC1FD0089585F /* MemoListViewModel.swift in Sources */ = {isa = PBXBuildFile; fileRef = 162F05782CFDC1FD0089585F /* MemoListViewModel.swift */; };
		162F057C2CFDD5280089585F /* MemoView.swift in Sources */ = {isa = PBXBuildFile; fileRef = 162F057B2CFDD5280089585F /* MemoView.swift */; };
		162F057E2CFDD5300089585F /* MemoViewModel.swift in Sources */ = {isa = PBXBuildFile; fileRef = 162F057D2CFDD5300089585F /* MemoViewModel.swift */; };
		162F05802CFDDD080089585F /* Double+Extensions.swift in Sources */ = {isa = PBXBuildFile; fileRef = 162F057F2CFDDD080089585F /* Double+Extensions.swift */; };
		162F05832CFDDD910089585F /* VoiceRecorderViewModel.swift in Sources */ = {isa = PBXBuildFile; fileRef = 162F05822CFDDD910089585F /* VoiceRecorderViewModel.swift */; };
		162F05852CFDDD9B0089585F /* VoiceRecorderView.swift in Sources */ = {isa = PBXBuildFile; fileRef = 162F05842CFDDD9B0089585F /* VoiceRecorderView.swift */; };
		162F05882CFF19EB0089585F /* TimeModel.swift in Sources */ = {isa = PBXBuildFile; fileRef = 162F05872CFF19EB0089585F /* TimeModel.swift */; };
		162F058A2CFF1A990089585F /* Int+Extensions.swift in Sources */ = {isa = PBXBuildFile; fileRef = 162F05892CFF1A990089585F /* Int+Extensions.swift */; };
		162F058D2CFF1BA00089585F /* TimerViewModel.swift in Sources */ = {isa = PBXBuildFile; fileRef = 162F058C2CFF1BA00089585F /* TimerViewModel.swift */; };
		162F058F2CFF1BB00089585F /* TimerView.swift in Sources */ = {isa = PBXBuildFile; fileRef = 162F058E2CFF1BB00089585F /* TimerView.swift */; };
		162F05922CFF2B1C0089585F /* NotificationService.swift in Sources */ = {isa = PBXBuildFile; fileRef = 162F05912CFF2B1C0089585F /* NotificationService.swift */; };
		162F05942CFF2C240089585F /* AppDelegate.swift in Sources */ = {isa = PBXBuildFile; fileRef = 162F05932CFF2C240089585F /* AppDelegate.swift */; };
/* End PBXBuildFile section */

/* Begin PBXFileReference section */
		160612D22D032524002C5707 /* SettingView.swift */ = {isa = PBXFileReference; lastKnownFileType = sourcecode.swift; path = SettingView.swift; sourceTree = "<group>"; };
		160612D72D032D24002C5707 /* TabModel.swift */ = {isa = PBXFileReference; lastKnownFileType = sourcecode.swift; path = TabModel.swift; sourceTree = "<group>"; };
		160612DA2D033BBB002C5707 /* WriteBtn.swift */ = {isa = PBXFileReference; lastKnownFileType = sourcecode.swift; path = WriteBtn.swift; sourceTree = "<group>"; };
		162F05302CF4A1D70089585F /* FastAPP1.app */ = {isa = PBXFileReference; explicitFileType = wrapper.application; includeInIndex = 0; path = FastAPP1.app; sourceTree = BUILT_PRODUCTS_DIR; };
		162F05332CF4A1D70089585F /* FastAPP1.swift */ = {isa = PBXFileReference; lastKnownFileType = sourcecode.swift; path = FastAPP1.swift; sourceTree = "<group>"; };
		162F05372CF4A1D90089585F /* Assets.xcassets */ = {isa = PBXFileReference; lastKnownFileType = folder.assetcatalog; path = Assets.xcassets; sourceTree = "<group>"; };
		162F053A2CF4A1D90089585F /* Preview Assets.xcassets */ = {isa = PBXFileReference; lastKnownFileType = folder.assetcatalog; path = "Preview Assets.xcassets"; sourceTree = "<group>"; };
		162F05412CF4A2380089585F /* LaunchScreen.storyboard */ = {isa = PBXFileReference; lastKnownFileType = file.storyboard; path = LaunchScreen.storyboard; sourceTree = "<group>"; };
		162F054C2CF5F7680089585F /* OnboardingContentModel.swift */ = {isa = PBXFileReference; lastKnownFileType = sourcecode.swift; path = OnboardingContentModel.swift; sourceTree = "<group>"; };
		162F054F2CF5F7AA0089585F /* OnboardingViewModel.swift */ = {isa = PBXFileReference; lastKnownFileType = sourcecode.swift; path = OnboardingViewModel.swift; sourceTree = "<group>"; };
		162F05512CF5F89C0089585F /* OnboardingView.swift */ = {isa = PBXFileReference; lastKnownFileType = sourcecode.swift; path = OnboardingView.swift; sourceTree = "<group>"; };
		162F05552CF7474F0089585F /* PathType.swift */ = {isa = PBXFileReference; lastKnownFileType = sourcecode.swift; path = PathType.swift; sourceTree = "<group>"; };
		162F05572CF747B10089585F /* PathModel.swift */ = {isa = PBXFileReference; lastKnownFileType = sourcecode.swift; path = PathModel.swift; sourceTree = "<group>"; };
		162F05592CF7492A0089585F /* HomeView.swift */ = {isa = PBXFileReference; lastKnownFileType = sourcecode.swift; path = HomeView.swift; sourceTree = "<group>"; };
		162F055B2CF750B60089585F /* Date+Extensions.swift */ = {isa = PBXFileReference; lastKnownFileType = sourcecode.swift; path = "Date+Extensions.swift"; sourceTree = "<group>"; };
		162F055E2CF751D10089585F /* NavigationBtnType.swift */ = {isa = PBXFileReference; lastKnownFileType = sourcecode.swift; path = NavigationBtnType.swift; sourceTree = "<group>"; };
		162F05602CF752110089585F /* CustomNavigationBar.swift */ = {isa = PBXFileReference; lastKnownFileType = sourcecode.swift; path = CustomNavigationBar.swift; sourceTree = "<group>"; };
		162F05632CF755400089585F /* TodoModel.swift */ = {isa = PBXFileReference; lastKnownFileType = sourcecode.swift; path = TodoModel.swift; sourceTree = "<group>"; };
		162F05682CF756280089585F /* HomeViewModel.swift */ = {isa = PBXFileReference; lastKnownFileType = sourcecode.swift; path = HomeViewModel.swift; sourceTree = "<group>"; };
		162F056A2CF756380089585F /* TodoListView.swift */ = {isa = PBXFileReference; lastKnownFileType = sourcecode.swift; path = TodoListView.swift; sourceTree = "<group>"; };
		162F056C2CF756430089585F /* TodoListViewModel.swift */ = {isa = PBXFileReference; lastKnownFileType = sourcecode.swift; path = TodoListViewModel.swift; sourceTree = "<group>"; };
		162F056E2CF7564D0089585F /* TodoViewModel.swift */ = {isa = PBXFileReference; lastKnownFileType = sourcecode.swift; path = TodoViewModel.swift; sourceTree = "<group>"; };
		162F05702CF7565A0089585F /* TodoView.swift */ = {isa = PBXFileReference; lastKnownFileType = sourcecode.swift; path = TodoView.swift; sourceTree = "<group>"; };
		162F05732CFDC1890089585F /* MemoModel.swift */ = {isa = PBXFileReference; lastKnownFileType = sourcecode.swift; path = MemoModel.swift; sourceTree = "<group>"; };
		162F05762CFDC1F40089585F /* MemoListView.swift */ = {isa = PBXFileReference; lastKnownFileType = sourcecode.swift; path = MemoListView.swift; sourceTree = "<group>"; };
		162F05782CFDC1FD0089585F /* MemoListViewModel.swift */ = {isa = PBXFileReference; lastKnownFileType = sourcecode.swift; path = MemoListViewModel.swift; sourceTree = "<group>"; };
		162F057B2CFDD5280089585F /* MemoView.swift */ = {isa = PBXFileReference; lastKnownFileType = sourcecode.swift; path = MemoView.swift; sourceTree = "<group>"; };
		162F057D2CFDD5300089585F /* MemoViewModel.swift */ = {isa = PBXFileReference; lastKnownFileType = sourcecode.swift; path = MemoViewModel.swift; sourceTree = "<group>"; };
		162F057F2CFDDD080089585F /* Double+Extensions.swift */ = {isa = PBXFileReference; lastKnownFileType = sourcecode.swift; path = "Double+Extensions.swift"; sourceTree = "<group>"; };
		162F05822CFDDD910089585F /* VoiceRecorderViewModel.swift */ = {isa = PBXFileReference; lastKnownFileType = sourcecode.swift; path = VoiceRecorderViewModel.swift; sourceTree = "<group>"; };
		162F05842CFDDD9B0089585F /* VoiceRecorderView.swift */ = {isa = PBXFileReference; lastKnownFileType = sourcecode.swift; path = VoiceRecorderView.swift; sourceTree = "<group>"; };
		162F05872CFF19EB0089585F /* TimeModel.swift */ = {isa = PBXFileReference; lastKnownFileType = sourcecode.swift; path = TimeModel.swift; sourceTree = "<group>"; };
		162F05892CFF1A990089585F /* Int+Extensions.swift */ = {isa = PBXFileReference; lastKnownFileType = sourcecode.swift; path = "Int+Extensions.swift"; sourceTree = "<group>"; };
		162F058C2CFF1BA00089585F /* TimerViewModel.swift */ = {isa = PBXFileReference; lastKnownFileType = sourcecode.swift; path = TimerViewModel.swift; sourceTree = "<group>"; };
		162F058E2CFF1BB00089585F /* TimerView.swift */ = {isa = PBXFileReference; lastKnownFileType = sourcecode.swift; path = TimerView.swift; sourceTree = "<group>"; };
		162F05912CFF2B1C0089585F /* NotificationService.swift */ = {isa = PBXFileReference; lastKnownFileType = sourcecode.swift; path = NotificationService.swift; sourceTree = "<group>"; };
		162F05932CFF2C240089585F /* AppDelegate.swift */ = {isa = PBXFileReference; lastKnownFileType = sourcecode.swift; path = AppDelegate.swift; sourceTree = "<group>"; };
/* End PBXFileReference section */

/* Begin PBXFrameworksBuildPhase section */
		162F052D2CF4A1D70089585F /* Frameworks */ = {
			isa = PBXFrameworksBuildPhase;
			buildActionMask = 2147483647;
			files = (
			);
			runOnlyForDeploymentPostprocessing = 0;
		};
/* End PBXFrameworksBuildPhase section */

/* Begin PBXGroup section */
		160612D12D032517002C5707 /* Setting */ = {
			isa = PBXGroup;
			children = (
				160612D22D032524002C5707 /* SettingView.swift */,
			);
			path = Setting;
			sourceTree = "<group>";
		};
		160612D42D032D00002C5707 /* Tap */ = {
			isa = PBXGroup;
			children = (
			);
			path = Tap;
			sourceTree = "<group>";
		};
		160612D52D032D0A002C5707 /* Tab */ = {
			isa = PBXGroup;
			children = (
				160612D72D032D24002C5707 /* TabModel.swift */,
			);
			path = Tab;
			sourceTree = "<group>";
		};
		160612D92D033BA9002C5707 /* CustomView */ = {
			isa = PBXGroup;
			children = (
				160612DA2D033BBB002C5707 /* WriteBtn.swift */,
			);
			path = CustomView;
			sourceTree = "<group>";
		};
		162F05272CF4A1D70089585F = {
			isa = PBXGroup;
			children = (
				162F05322CF4A1D70089585F /* FastAPP1 */,
				162F05312CF4A1D70089585F /* Products */,
			);
			sourceTree = "<group>";
		};
		162F05312CF4A1D70089585F /* Products */ = {
			isa = PBXGroup;
			children = (
				162F05302CF4A1D70089585F /* FastAPP1.app */,
			);
			name = Products;
			sourceTree = "<group>";
		};
		162F05322CF4A1D70089585F /* FastAPP1 */ = {
			isa = PBXGroup;
			children = (
				162F05472CF4A3430089585F /* Model */,
				162F05462CF4A33B0089585F /* Feature */,
				162F05452CF4A3300089585F /* Component */,
				162F05442CF4A32D0089585F /* Core */,
				162F05432CF4A3260089585F /* App */,
				162F05332CF4A1D70089585F /* FastAPP1.swift */,
				162F05372CF4A1D90089585F /* Assets.xcassets */,
				162F05392CF4A1D90089585F /* Preview Content */,
				162F05412CF4A2380089585F /* LaunchScreen.storyboard */,
			);
			path = FastAPP1;
			sourceTree = "<group>";
		};
		162F05392CF4A1D90089585F /* Preview Content */ = {
			isa = PBXGroup;
			children = (
				162F053A2CF4A1D90089585F /* Preview Assets.xcassets */,
			);
			path = "Preview Content";
			sourceTree = "<group>";
		};
		162F05432CF4A3260089585F /* App */ = {
			isa = PBXGroup;
			children = (
				162F05932CFF2C240089585F /* AppDelegate.swift */,
			);
			path = App;
			sourceTree = "<group>";
		};
		162F05442CF4A32D0089585F /* Core */ = {
			isa = PBXGroup;
			children = (
				162F05902CFF2AFB0089585F /* Service */,
				162F05482CF4A3500089585F /* Extension */,
			);
			path = Core;
			sourceTree = "<group>";
		};
		162F05452CF4A3300089585F /* Component */ = {
			isa = PBXGroup;
			children = (
				160612D92D033BA9002C5707 /* CustomView */,
				162F055D2CF751AF0089585F /* NavigationBar */,
			);
			path = Component;
			sourceTree = "<group>";
		};
		162F05462CF4A33B0089585F /* Feature */ = {
			isa = PBXGroup;
			children = (
				162F05662CF755ED0089585F /* Home */,
				162F054E2CF5F7980089585F /* Onboarding */,
			);
			path = Feature;
			sourceTree = "<group>";
		};
		162F05472CF4A3430089585F /* Model */ = {
			isa = PBXGroup;
			children = (
				160612D52D032D0A002C5707 /* Tab */,
				162F05862CFF19980089585F /* Timer */,
				162F05722CFDC1770089585F /* Memo */,
				162F05622CF755370089585F /* Todo */,
				162F05542CF747410089585F /* Path */,
				162F05532CF747370089585F /* Onboarding */,
			);
			path = Model;
			sourceTree = "<group>";
		};
		162F05482CF4A3500089585F /* Extension */ = {
			isa = PBXGroup;
			children = (
				162F055B2CF750B60089585F /* Date+Extensions.swift */,
				162F057F2CFDDD080089585F /* Double+Extensions.swift */,
				162F05892CFF1A990089585F /* Int+Extensions.swift */,
			);
			path = Extension;
			sourceTree = "<group>";
		};
		162F054E2CF5F7980089585F /* Onboarding */ = {
			isa = PBXGroup;
			children = (
				162F054F2CF5F7AA0089585F /* OnboardingViewModel.swift */,
				162F05512CF5F89C0089585F /* OnboardingView.swift */,
			);
			path = Onboarding;
			sourceTree = "<group>";
		};
		162F05532CF747370089585F /* Onboarding */ = {
			isa = PBXGroup;
			children = (
				162F054C2CF5F7680089585F /* OnboardingContentModel.swift */,
			);
			path = Onboarding;
			sourceTree = "<group>";
		};
		162F05542CF747410089585F /* Path */ = {
			isa = PBXGroup;
			children = (
				162F05552CF7474F0089585F /* PathType.swift */,
				162F05572CF747B10089585F /* PathModel.swift */,
			);
			path = Path;
			sourceTree = "<group>";
		};
		162F055D2CF751AF0089585F /* NavigationBar */ = {
			isa = PBXGroup;
			children = (
				162F055E2CF751D10089585F /* NavigationBtnType.swift */,
				162F05602CF752110089585F /* CustomNavigationBar.swift */,
			);
			path = NavigationBar;
			sourceTree = "<group>";
		};
		162F05622CF755370089585F /* Todo */ = {
			isa = PBXGroup;
			children = (
				162F05632CF755400089585F /* TodoModel.swift */,
			);
			path = Todo;
			sourceTree = "<group>";
		};
		162F05652CF755DC0089585F /* TodoList */ = {
			isa = PBXGroup;
			children = (
				162F056A2CF756380089585F /* TodoListView.swift */,
				162F056C2CF756430089585F /* TodoListViewModel.swift */,
				162F05672CF755F30089585F /* Todo */,
			);
			path = TodoList;
			sourceTree = "<group>";
		};
		162F05662CF755ED0089585F /* Home */ = {
			isa = PBXGroup;
			children = (
				162F05592CF7492A0089585F /* HomeView.swift */,
				162F05682CF756280089585F /* HomeViewModel.swift */,
				160612D42D032D00002C5707 /* Tap */,
				160612D12D032517002C5707 /* Setting */,
				162F058B2CFF1B8E0089585F /* Timer */,
				162F05812CFDDD730089585F /* VoiceRecorder */,
				162F05652CF755DC0089585F /* TodoList */,
				162F05752CFDC1DF0089585F /* MemoList */,
			);
			path = Home;
			sourceTree = "<group>";
		};
		162F05672CF755F30089585F /* Todo */ = {
			isa = PBXGroup;
			children = (
				162F05702CF7565A0089585F /* TodoView.swift */,
				162F056E2CF7564D0089585F /* TodoViewModel.swift */,
			);
			path = Todo;
			sourceTree = "<group>";
		};
		162F05722CFDC1770089585F /* Memo */ = {
			isa = PBXGroup;
			children = (
				162F05732CFDC1890089585F /* MemoModel.swift */,
			);
			path = Memo;
			sourceTree = "<group>";
		};
		162F05752CFDC1DF0089585F /* MemoList */ = {
			isa = PBXGroup;
			children = (
				162F057A2CFDD51F0089585F /* Memo */,
				162F05762CFDC1F40089585F /* MemoListView.swift */,
				162F05782CFDC1FD0089585F /* MemoListViewModel.swift */,
			);
			path = MemoList;
			sourceTree = "<group>";
		};
		162F057A2CFDD51F0089585F /* Memo */ = {
			isa = PBXGroup;
			children = (
				162F057B2CFDD5280089585F /* MemoView.swift */,
				162F057D2CFDD5300089585F /* MemoViewModel.swift */,
			);
			path = Memo;
			sourceTree = "<group>";
		};
		162F05812CFDDD730089585F /* VoiceRecorder */ = {
			isa = PBXGroup;
			children = (
				162F05822CFDDD910089585F /* VoiceRecorderViewModel.swift */,
				162F05842CFDDD9B0089585F /* VoiceRecorderView.swift */,
			);
			path = VoiceRecorder;
			sourceTree = "<group>";
		};
		162F05862CFF19980089585F /* Timer */ = {
			isa = PBXGroup;
			children = (
				162F05872CFF19EB0089585F /* TimeModel.swift */,
			);
			path = Timer;
			sourceTree = "<group>";
		};
		162F058B2CFF1B8E0089585F /* Timer */ = {
			isa = PBXGroup;
			children = (
				162F058C2CFF1BA00089585F /* TimerViewModel.swift */,
				162F058E2CFF1BB00089585F /* TimerView.swift */,
			);
			path = Timer;
			sourceTree = "<group>";
		};
		162F05902CFF2AFB0089585F /* Service */ = {
			isa = PBXGroup;
			children = (
				162F05912CFF2B1C0089585F /* NotificationService.swift */,
			);
			path = Service;
			sourceTree = "<group>";
		};
/* End PBXGroup section */

/* Begin PBXNativeTarget section */
		162F052F2CF4A1D70089585F /* FastAPP1 */ = {
			isa = PBXNativeTarget;
			buildConfigurationList = 162F053E2CF4A1D90089585F /* Build configuration list for PBXNativeTarget "FastAPP1" */;
			buildPhases = (
				162F052C2CF4A1D70089585F /* Sources */,
				162F052D2CF4A1D70089585F /* Frameworks */,
				162F052E2CF4A1D70089585F /* Resources */,
			);
			buildRules = (
			);
			dependencies = (
			);
			name = FastAPP1;
			productName = FastAPP1;
			productReference = 162F05302CF4A1D70089585F /* FastAPP1.app */;
			productType = "com.apple.product-type.application";
		};
/* End PBXNativeTarget section */

/* Begin PBXProject section */
		162F05282CF4A1D70089585F /* Project object */ = {
			isa = PBXProject;
			attributes = {
				BuildIndependentTargetsInParallel = 1;
				LastSwiftUpdateCheck = 1500;
				LastUpgradeCheck = 1500;
				TargetAttributes = {
					162F052F2CF4A1D70089585F = {
						CreatedOnToolsVersion = 15.0;
					};
				};
			};
			buildConfigurationList = 162F052B2CF4A1D70089585F /* Build configuration list for PBXProject "FastAPP1" */;
			compatibilityVersion = "Xcode 14.0";
			developmentRegion = en;
			hasScannedForEncodings = 0;
			knownRegions = (
				en,
				Base,
			);
			mainGroup = 162F05272CF4A1D70089585F;
			productRefGroup = 162F05312CF4A1D70089585F /* Products */;
			projectDirPath = "";
			projectRoot = "";
			targets = (
				162F052F2CF4A1D70089585F /* FastAPP1 */,
			);
		};
/* End PBXProject section */

/* Begin PBXResourcesBuildPhase section */
		162F052E2CF4A1D70089585F /* Resources */ = {
			isa = PBXResourcesBuildPhase;
			buildActionMask = 2147483647;
			files = (
				162F05422CF4A2380089585F /* LaunchScreen.storyboard in Resources */,
				162F053B2CF4A1D90089585F /* Preview Assets.xcassets in Resources */,
				162F05382CF4A1D90089585F /* Assets.xcassets in Resources */,
			);
			runOnlyForDeploymentPostprocessing = 0;
		};
/* End PBXResourcesBuildPhase section */

/* Begin PBXSourcesBuildPhase section */
		162F052C2CF4A1D70089585F /* Sources */ = {
			isa = PBXSourcesBuildPhase;
			buildActionMask = 2147483647;
			files = (
				162F056F2CF7564D0089585F /* TodoViewModel.swift in Sources */,
				162F05612CF752110089585F /* CustomNavigationBar.swift in Sources */,
				162F05772CFDC1F40089585F /* MemoListView.swift in Sources */,
				162F05742CFDC1890089585F /* MemoModel.swift in Sources */,
				160612D32D032524002C5707 /* SettingView.swift in Sources */,
				162F055F2CF751D10089585F /* NavigationBtnType.swift in Sources */,
				162F058A2CFF1A990089585F /* Int+Extensions.swift in Sources */,
				162F05582CF747B10089585F /* PathModel.swift in Sources */,
				162F056D2CF756430089585F /* TodoListViewModel.swift in Sources */,
				162F056B2CF756380089585F /* TodoListView.swift in Sources */,
				162F058D2CFF1BA00089585F /* TimerViewModel.swift in Sources */,
				162F055C2CF750B60089585F /* Date+Extensions.swift in Sources */,
				162F05832CFDDD910089585F /* VoiceRecorderViewModel.swift in Sources */,
				162F054D2CF5F7680089585F /* OnboardingContentModel.swift in Sources */,
				162F057C2CFDD5280089585F /* MemoView.swift in Sources */,
				162F058F2CFF1BB00089585F /* TimerView.swift in Sources */,
				162F05792CFDC1FD0089585F /* MemoListViewModel.swift in Sources */,
				160612D82D032D24002C5707 /* TabModel.swift in Sources */,
				162F05562CF7474F0089585F /* PathType.swift in Sources */,
				162F05342CF4A1D70089585F /* FastAPP1.swift in Sources */,
				162F05942CFF2C240089585F /* AppDelegate.swift in Sources */,
				162F05692CF756280089585F /* HomeViewModel.swift in Sources */,
				162F057E2CFDD5300089585F /* MemoViewModel.swift in Sources */,
				162F05852CFDDD9B0089585F /* VoiceRecorderView.swift in Sources */,
				162F055A2CF7492A0089585F /* HomeView.swift in Sources */,
				160612DB2D033BBB002C5707 /* WriteBtn.swift in Sources */,
				162F05642CF755400089585F /* TodoModel.swift in Sources */,
				162F05712CF7565A0089585F /* TodoView.swift in Sources */,
				162F05522CF5F89C0089585F /* OnboardingView.swift in Sources */,
				162F05922CFF2B1C0089585F /* NotificationService.swift in Sources */,
				162F05802CFDDD080089585F /* Double+Extensions.swift in Sources */,
				162F05502CF5F7AA0089585F /* OnboardingViewModel.swift in Sources */,
				162F05882CFF19EB0089585F /* TimeModel.swift in Sources */,
			);
			runOnlyForDeploymentPostprocessing = 0;
		};
/* End PBXSourcesBuildPhase section */

/* Begin XCBuildConfiguration section */
		162F053C2CF4A1D90089585F /* Debug */ = {
			isa = XCBuildConfiguration;
			buildSettings = {
				ALWAYS_SEARCH_USER_PATHS = NO;
				ASSETCATALOG_COMPILER_GENERATE_SWIFT_ASSET_SYMBOL_EXTENSIONS = YES;
				CLANG_ANALYZER_NONNULL = YES;
				CLANG_ANALYZER_NUMBER_OBJECT_CONVERSION = YES_AGGRESSIVE;
				CLANG_CXX_LANGUAGE_STANDARD = "gnu++20";
				CLANG_ENABLE_MODULES = YES;
				CLANG_ENABLE_OBJC_ARC = YES;
				CLANG_ENABLE_OBJC_WEAK = YES;
				CLANG_WARN_BLOCK_CAPTURE_AUTORELEASING = YES;
				CLANG_WARN_BOOL_CONVERSION = YES;
				CLANG_WARN_COMMA = YES;
				CLANG_WARN_CONSTANT_CONVERSION = YES;
				CLANG_WARN_DEPRECATED_OBJC_IMPLEMENTATIONS = YES;
				CLANG_WARN_DIRECT_OBJC_ISA_USAGE = YES_ERROR;
				CLANG_WARN_DOCUMENTATION_COMMENTS = YES;
				CLANG_WARN_EMPTY_BODY = YES;
				CLANG_WARN_ENUM_CONVERSION = YES;
				CLANG_WARN_INFINITE_RECURSION = YES;
				CLANG_WARN_INT_CONVERSION = YES;
				CLANG_WARN_NON_LITERAL_NULL_CONVERSION = YES;
				CLANG_WARN_OBJC_IMPLICIT_RETAIN_SELF = YES;
				CLANG_WARN_OBJC_LITERAL_CONVERSION = YES;
				CLANG_WARN_OBJC_ROOT_CLASS = YES_ERROR;
				CLANG_WARN_QUOTED_INCLUDE_IN_FRAMEWORK_HEADER = YES;
				CLANG_WARN_RANGE_LOOP_ANALYSIS = YES;
				CLANG_WARN_STRICT_PROTOTYPES = YES;
				CLANG_WARN_SUSPICIOUS_MOVE = YES;
				CLANG_WARN_UNGUARDED_AVAILABILITY = YES_AGGRESSIVE;
				CLANG_WARN_UNREACHABLE_CODE = YES;
				CLANG_WARN__DUPLICATE_METHOD_MATCH = YES;
				COPY_PHASE_STRIP = NO;
				DEBUG_INFORMATION_FORMAT = dwarf;
				ENABLE_STRICT_OBJC_MSGSEND = YES;
				ENABLE_TESTABILITY = YES;
				ENABLE_USER_SCRIPT_SANDBOXING = YES;
				GCC_C_LANGUAGE_STANDARD = gnu17;
				GCC_DYNAMIC_NO_PIC = NO;
				GCC_NO_COMMON_BLOCKS = YES;
				GCC_OPTIMIZATION_LEVEL = 0;
				GCC_PREPROCESSOR_DEFINITIONS = (
					"DEBUG=1",
					"$(inherited)",
				);
				GCC_WARN_64_TO_32_BIT_CONVERSION = YES;
				GCC_WARN_ABOUT_RETURN_TYPE = YES_ERROR;
				GCC_WARN_UNDECLARED_SELECTOR = YES;
				GCC_WARN_UNINITIALIZED_AUTOS = YES_AGGRESSIVE;
				GCC_WARN_UNUSED_FUNCTION = YES;
				GCC_WARN_UNUSED_VARIABLE = YES;
				IPHONEOS_DEPLOYMENT_TARGET = 17.0;
				LOCALIZATION_PREFERS_STRING_CATALOGS = YES;
				MTL_ENABLE_DEBUG_INFO = INCLUDE_SOURCE;
				MTL_FAST_MATH = YES;
				ONLY_ACTIVE_ARCH = YES;
				SDKROOT = iphoneos;
				SWIFT_ACTIVE_COMPILATION_CONDITIONS = "DEBUG $(inherited)";
				SWIFT_OPTIMIZATION_LEVEL = "-Onone";
			};
			name = Debug;
		};
		162F053D2CF4A1D90089585F /* Release */ = {
			isa = XCBuildConfiguration;
			buildSettings = {
				ALWAYS_SEARCH_USER_PATHS = NO;
				ASSETCATALOG_COMPILER_GENERATE_SWIFT_ASSET_SYMBOL_EXTENSIONS = YES;
				CLANG_ANALYZER_NONNULL = YES;
				CLANG_ANALYZER_NUMBER_OBJECT_CONVERSION = YES_AGGRESSIVE;
				CLANG_CXX_LANGUAGE_STANDARD = "gnu++20";
				CLANG_ENABLE_MODULES = YES;
				CLANG_ENABLE_OBJC_ARC = YES;
				CLANG_ENABLE_OBJC_WEAK = YES;
				CLANG_WARN_BLOCK_CAPTURE_AUTORELEASING = YES;
				CLANG_WARN_BOOL_CONVERSION = YES;
				CLANG_WARN_COMMA = YES;
				CLANG_WARN_CONSTANT_CONVERSION = YES;
				CLANG_WARN_DEPRECATED_OBJC_IMPLEMENTATIONS = YES;
				CLANG_WARN_DIRECT_OBJC_ISA_USAGE = YES_ERROR;
				CLANG_WARN_DOCUMENTATION_COMMENTS = YES;
				CLANG_WARN_EMPTY_BODY = YES;
				CLANG_WARN_ENUM_CONVERSION = YES;
				CLANG_WARN_INFINITE_RECURSION = YES;
				CLANG_WARN_INT_CONVERSION = YES;
				CLANG_WARN_NON_LITERAL_NULL_CONVERSION = YES;
				CLANG_WARN_OBJC_IMPLICIT_RETAIN_SELF = YES;
				CLANG_WARN_OBJC_LITERAL_CONVERSION = YES;
				CLANG_WARN_OBJC_ROOT_CLASS = YES_ERROR;
				CLANG_WARN_QUOTED_INCLUDE_IN_FRAMEWORK_HEADER = YES;
				CLANG_WARN_RANGE_LOOP_ANALYSIS = YES;
				CLANG_WARN_STRICT_PROTOTYPES = YES;
				CLANG_WARN_SUSPICIOUS_MOVE = YES;
				CLANG_WARN_UNGUARDED_AVAILABILITY = YES_AGGRESSIVE;
				CLANG_WARN_UNREACHABLE_CODE = YES;
				CLANG_WARN__DUPLICATE_METHOD_MATCH = YES;
				COPY_PHASE_STRIP = NO;
				DEBUG_INFORMATION_FORMAT = "dwarf-with-dsym";
				ENABLE_NS_ASSERTIONS = NO;
				ENABLE_STRICT_OBJC_MSGSEND = YES;
				ENABLE_USER_SCRIPT_SANDBOXING = YES;
				GCC_C_LANGUAGE_STANDARD = gnu17;
				GCC_NO_COMMON_BLOCKS = YES;
				GCC_WARN_64_TO_32_BIT_CONVERSION = YES;
				GCC_WARN_ABOUT_RETURN_TYPE = YES_ERROR;
				GCC_WARN_UNDECLARED_SELECTOR = YES;
				GCC_WARN_UNINITIALIZED_AUTOS = YES_AGGRESSIVE;
				GCC_WARN_UNUSED_FUNCTION = YES;
				GCC_WARN_UNUSED_VARIABLE = YES;
				IPHONEOS_DEPLOYMENT_TARGET = 17.0;
				LOCALIZATION_PREFERS_STRING_CATALOGS = YES;
				MTL_ENABLE_DEBUG_INFO = NO;
				MTL_FAST_MATH = YES;
				SDKROOT = iphoneos;
				SWIFT_COMPILATION_MODE = wholemodule;
				VALIDATE_PRODUCT = YES;
			};
			name = Release;
		};
		162F053F2CF4A1D90089585F /* Debug */ = {
			isa = XCBuildConfiguration;
			buildSettings = {
				ASSETCATALOG_COMPILER_APPICON_NAME = AppIcon;
				ASSETCATALOG_COMPILER_GLOBAL_ACCENT_COLOR_NAME = AccentColor;
				CODE_SIGN_STYLE = Automatic;
				CURRENT_PROJECT_VERSION = 1;
				DEVELOPMENT_ASSET_PATHS = "\"FastAPP1/Preview Content\"";
				DEVELOPMENT_TEAM = U5MDQP9G89;
				ENABLE_PREVIEWS = YES;
				GENERATE_INFOPLIST_FILE = YES;
				INFOPLIST_KEY_NSMicrophoneUsageDescription = "마이크 접근";
				INFOPLIST_KEY_UIApplicationSceneManifest_Generation = YES;
				INFOPLIST_KEY_UIApplicationSupportsIndirectInputEvents = YES;
				INFOPLIST_KEY_UILaunchScreen_Generation = YES;
				INFOPLIST_KEY_UILaunchStoryboardName = LaunchScreen;
				INFOPLIST_KEY_UIStatusBarStyle = UIStatusBarStyleLightContent;
				INFOPLIST_KEY_UISupportedInterfaceOrientations = UIInterfaceOrientationPortrait;
				IPHONEOS_DEPLOYMENT_TARGET = 16.0;
				LD_RUNPATH_SEARCH_PATHS = (
					"$(inherited)",
					"@executable_path/Frameworks",
				);
				MARKETING_VERSION = 1.0;
				PRODUCT_BUNDLE_IDENTIFIER = kw.FastAPP1;
				PRODUCT_NAME = "$(TARGET_NAME)";
				SWIFT_EMIT_LOC_STRINGS = YES;
				SWIFT_VERSION = 5.0;
				TARGETED_DEVICE_FAMILY = "1,2";
			};
			name = Debug;
		};
		162F05402CF4A1D90089585F /* Release */ = {
			isa = XCBuildConfiguration;
			buildSettings = {
				ASSETCATALOG_COMPILER_APPICON_NAME = AppIcon;
				ASSETCATALOG_COMPILER_GLOBAL_ACCENT_COLOR_NAME = AccentColor;
				CODE_SIGN_STYLE = Automatic;
				CURRENT_PROJECT_VERSION = 1;
				DEVELOPMENT_ASSET_PATHS = "\"FastAPP1/Preview Content\"";
				DEVELOPMENT_TEAM = U5MDQP9G89;
				ENABLE_PREVIEWS = YES;
				GENERATE_INFOPLIST_FILE = YES;
				INFOPLIST_KEY_NSMicrophoneUsageDescription = "마이크 접근";
				INFOPLIST_KEY_UIApplicationSceneManifest_Generation = YES;
				INFOPLIST_KEY_UIApplicationSupportsIndirectInputEvents = YES;
				INFOPLIST_KEY_UILaunchScreen_Generation = YES;
				INFOPLIST_KEY_UILaunchStoryboardName = LaunchScreen;
				INFOPLIST_KEY_UIStatusBarStyle = UIStatusBarStyleLightContent;
				INFOPLIST_KEY_UISupportedInterfaceOrientations = UIInterfaceOrientationPortrait;
				IPHONEOS_DEPLOYMENT_TARGET = 16.0;
				LD_RUNPATH_SEARCH_PATHS = (
					"$(inherited)",
					"@executable_path/Frameworks",
				);
				MARKETING_VERSION = 1.0;
				PRODUCT_BUNDLE_IDENTIFIER = kw.FastAPP1;
				PRODUCT_NAME = "$(TARGET_NAME)";
				SWIFT_EMIT_LOC_STRINGS = YES;
				SWIFT_VERSION = 5.0;
				TARGETED_DEVICE_FAMILY = "1,2";
			};
			name = Release;
		};
/* End XCBuildConfiguration section */

/* Begin XCConfigurationList section */
		162F052B2CF4A1D70089585F /* Build configuration list for PBXProject "FastAPP1" */ = {
			isa = XCConfigurationList;
			buildConfigurations = (
				162F053C2CF4A1D90089585F /* Debug */,
				162F053D2CF4A1D90089585F /* Release */,
			);
			defaultConfigurationIsVisible = 0;
			defaultConfigurationName = Release;
		};
		162F053E2CF4A1D90089585F /* Build configuration list for PBXNativeTarget "FastAPP1" */ = {
			isa = XCConfigurationList;
			buildConfigurations = (
				162F053F2CF4A1D90089585F /* Debug */,
				162F05402CF4A1D90089585F /* Release */,
			);
			defaultConfigurationIsVisible = 0;
			defaultConfigurationName = Release;
		};
/* End XCConfigurationList section */
	};
	rootObject = 162F05282CF4A1D70089585F /* Project object */;
}
