// !$*UTF8*$!
{
	archiveVersion = 1;
	classes = {
	};
	objectVersion = 56;
	objects = {

/* Begin PBXBuildFile section */
		160613092D070140002C5707 /* AppDelegate.swift in Sources */ = {isa = PBXBuildFile; fileRef = 160613082D070140002C5707 /* AppDelegate.swift */; };
		1606130B2D070140002C5707 /* SceneDelegate.swift in Sources */ = {isa = PBXBuildFile; fileRef = 1606130A2D070140002C5707 /* SceneDelegate.swift */; };
		1606130D2D070140002C5707 /* LoginViewController.swift in Sources */ = {isa = PBXBuildFile; fileRef = 1606130C2D070140002C5707 /* LoginViewController.swift */; };
		160613102D070140002C5707 /* Main.storyboard in Resources */ = {isa = PBXBuildFile; fileRef = 1606130E2D070140002C5707 /* Main.storyboard */; };
		160613122D070141002C5707 /* Assets.xcassets in Resources */ = {isa = PBXBuildFile; fileRef = 160613112D070141002C5707 /* Assets.xcassets */; };
		160613152D070141002C5707 /* LaunchScreen.storyboard in Resources */ = {isa = PBXBuildFile; fileRef = 160613132D070141002C5707 /* LaunchScreen.storyboard */; };
		1606131F2D071532002C5707 /* HomeViewController.swift in Sources */ = {isa = PBXBuildFile; fileRef = 1606131E2D071532002C5707 /* HomeViewController.swift */; };
		160613232D0715D5002C5707 /* HomeVideoCell.swift in Sources */ = {isa = PBXBuildFile; fileRef = 160613212D0715D5002C5707 /* HomeVideoCell.swift */; };
		160613242D0715D5002C5707 /* HomeVideoCell.xib in Resources */ = {isa = PBXBuildFile; fileRef = 160613222D0715D5002C5707 /* HomeVideoCell.xib */; };
		160613262D072D54002C5707 /* HomeSection.swift in Sources */ = {isa = PBXBuildFile; fileRef = 160613252D072D54002C5707 /* HomeSection.swift */; };
		160613282D07304F002C5707 /* TabBarController.swift in Sources */ = {isa = PBXBuildFile; fileRef = 160613272D07304F002C5707 /* TabBarController.swift */; };
		1612AC8C2D22BC14004E398F /* .swiftlint.yml in Resources */ = {isa = PBXBuildFile; fileRef = 1612AC8B2D22BC14004E398F /* .swiftlint.yml */; };
		164C7D012D157014007E2F18 /* HomeViewModel.swift in Sources */ = {isa = PBXBuildFile; fileRef = 164C7D002D157014007E2F18 /* HomeViewModel.swift */; };
		164C7D042D157046007E2F18 /* VideoListItemCell.swift in Sources */ = {isa = PBXBuildFile; fileRef = 164C7D022D157046007E2F18 /* VideoListItemCell.swift */; };
		164C7D052D157046007E2F18 /* VideoListItemCell.xib in Resources */ = {isa = PBXBuildFile; fileRef = 164C7D032D157046007E2F18 /* VideoListItemCell.xib */; };
		164C7D0A2D15706F007E2F18 /* HomeRecommendContainerCell.swift in Sources */ = {isa = PBXBuildFile; fileRef = 164C7D082D15706F007E2F18 /* HomeRecommendContainerCell.swift */; };
		164C7D0B2D15706F007E2F18 /* HomeRecommendContainerCell.xib in Resources */ = {isa = PBXBuildFile; fileRef = 164C7D092D15706F007E2F18 /* HomeRecommendContainerCell.xib */; };
		164C7D0E2D15707F007E2F18 /* HomeHeaderView.swift in Sources */ = {isa = PBXBuildFile; fileRef = 164C7D0C2D15707F007E2F18 /* HomeHeaderView.swift */; };
		164C7D0F2D15707F007E2F18 /* HomeHeaderView.xib in Resources */ = {isa = PBXBuildFile; fileRef = 164C7D0D2D15707F007E2F18 /* HomeHeaderView.xib */; };
		164C7D122D15708C007E2F18 /* HomeFooterView.swift in Sources */ = {isa = PBXBuildFile; fileRef = 164C7D102D15708C007E2F18 /* HomeFooterView.swift */; };
		164C7D132D15708C007E2F18 /* HomeFooterView.xib in Resources */ = {isa = PBXBuildFile; fileRef = 164C7D112D15708C007E2F18 /* HomeFooterView.xib */; };
		16688DAB2D27B217000025B0 /* APIEndpoints.swift in Sources */ = {isa = PBXBuildFile; fileRef = 16688DAA2D27B217000025B0 /* APIEndpoints.swift */; };
		16688DAD2D27B27B000025B0 /* Home.swift in Sources */ = {isa = PBXBuildFile; fileRef = 16688DAC2D27B27B000025B0 /* Home.swift */; };
		16688DAF2D27B284000025B0 /* Bookmark.swift in Sources */ = {isa = PBXBuildFile; fileRef = 16688DAE2D27B284000025B0 /* Bookmark.swift */; };
		16688DB12D27B28D000025B0 /* Favorite.swift in Sources */ = {isa = PBXBuildFile; fileRef = 16688DB02D27B28D000025B0 /* Favorite.swift */; };
		16688DB32D27B295000025B0 /* VideoListItem.swift in Sources */ = {isa = PBXBuildFile; fileRef = 16688DB22D27B295000025B0 /* VideoListItem.swift */; };
		16688DB72D27B33D000025B0 /* bookmark.json in Resources */ = {isa = PBXBuildFile; fileRef = 16688DB62D27B33D000025B0 /* bookmark.json */; };
		16688DB92D27B349000025B0 /* favorite.json in Resources */ = {isa = PBXBuildFile; fileRef = 16688DB82D27B349000025B0 /* favorite.json */; };
		16688DBB2D27B355000025B0 /* home.json in Resources */ = {isa = PBXBuildFile; fileRef = 16688DBA2D27B355000025B0 /* home.json */; };
		16688DBD2D27B363000025B0 /* live.json in Resources */ = {isa = PBXBuildFile; fileRef = 16688DBC2D27B363000025B0 /* live.json */; };
		16688DBF2D27B36D000025B0 /* video.json in Resources */ = {isa = PBXBuildFile; fileRef = 16688DBE2D27B36D000025B0 /* video.json */; };
		16688DC22D27C7A9000025B0 /* HomeRankingHeaderView.swift in Sources */ = {isa = PBXBuildFile; fileRef = 16688DC02D27C7A9000025B0 /* HomeRankingHeaderView.swift */; };
		16688DC32D27C7A9000025B0 /* HomeRankingHeaderView.xib in Resources */ = {isa = PBXBuildFile; fileRef = 16688DC12D27C7A9000025B0 /* HomeRankingHeaderView.xib */; };
		16688DC52D27D39E000025B0 /* HomeRecommendViewModel.swift in Sources */ = {isa = PBXBuildFile; fileRef = 16688DC42D27D39E000025B0 /* HomeRecommendViewModel.swift */; };
		16688DC82D28EF2E000025B0 /* NetworkLoader.swift in Sources */ = {isa = PBXBuildFile; fileRef = 16688DC72D28EF2E000025B0 /* NetworkLoader.swift */; };
		16688DCA2D2BD1C3000025B0 /* UIImageView+Task.swift in Sources */ = {isa = PBXBuildFile; fileRef = 16688DC92D2BD1C3000025B0 /* UIImageView+Task.swift */; };
		1690CE1F2D26801800989A1A /* HomeRankingContainerCell.swift in Sources */ = {isa = PBXBuildFile; fileRef = 1690CE1D2D26801800989A1A /* HomeRankingContainerCell.swift */; };
		1690CE202D26801800989A1A /* HomeRankingContainerCell.xib in Resources */ = {isa = PBXBuildFile; fileRef = 1690CE1E2D26801800989A1A /* HomeRankingContainerCell.xib */; };
		1690CE232D26821C00989A1A /* HomeRankingItemCell.swift in Sources */ = {isa = PBXBuildFile; fileRef = 1690CE212D26821C00989A1A /* HomeRankingItemCell.swift */; };
		1690CE242D26821C00989A1A /* HomeRankingItemCell.xib in Resources */ = {isa = PBXBuildFile; fileRef = 1690CE222D26821C00989A1A /* HomeRankingItemCell.xib */; };
		1690CE272D26883600989A1A /* HomeRecentWatchContainerCell.swift in Sources */ = {isa = PBXBuildFile; fileRef = 1690CE252D26883600989A1A /* HomeRecentWatchContainerCell.swift */; };
		1690CE282D26883600989A1A /* HomeRecentWatchContainerCell.xib in Resources */ = {isa = PBXBuildFile; fileRef = 1690CE262D26883600989A1A /* HomeRecentWatchContainerCell.xib */; };
		1690CE2B2D26898400989A1A /* HomeRecentWatchItemCell.swift in Sources */ = {isa = PBXBuildFile; fileRef = 1690CE292D26898400989A1A /* HomeRecentWatchItemCell.swift */; };
		1690CE2C2D26898400989A1A /* HomeRecentWatchItemCell.xib in Resources */ = {isa = PBXBuildFile; fileRef = 1690CE2A2D26898400989A1A /* HomeRecentWatchItemCell.xib */; };
/* End PBXBuildFile section */

/* Begin PBXFileReference section */
		160613052D070140002C5707 /* FastAPP2.app */ = {isa = PBXFileReference; explicitFileType = wrapper.application; includeInIndex = 0; path = FastAPP2.app; sourceTree = BUILT_PRODUCTS_DIR; };
		160613082D070140002C5707 /* AppDelegate.swift */ = {isa = PBXFileReference; lastKnownFileType = sourcecode.swift; path = AppDelegate.swift; sourceTree = "<group>"; };
		1606130A2D070140002C5707 /* SceneDelegate.swift */ = {isa = PBXFileReference; lastKnownFileType = sourcecode.swift; path = SceneDelegate.swift; sourceTree = "<group>"; };
		1606130C2D070140002C5707 /* LoginViewController.swift */ = {isa = PBXFileReference; lastKnownFileType = sourcecode.swift; path = LoginViewController.swift; sourceTree = "<group>"; };
		1606130F2D070140002C5707 /* Base */ = {isa = PBXFileReference; lastKnownFileType = file.storyboard; name = Base; path = Base.lproj/Main.storyboard; sourceTree = "<group>"; };
		160613112D070141002C5707 /* Assets.xcassets */ = {isa = PBXFileReference; lastKnownFileType = folder.assetcatalog; path = Assets.xcassets; sourceTree = "<group>"; };
		160613142D070141002C5707 /* Base */ = {isa = PBXFileReference; lastKnownFileType = file.storyboard; name = Base; path = Base.lproj/LaunchScreen.storyboard; sourceTree = "<group>"; };
		160613162D070141002C5707 /* Info.plist */ = {isa = PBXFileReference; lastKnownFileType = text.plist.xml; path = Info.plist; sourceTree = "<group>"; };
		1606131E2D071532002C5707 /* HomeViewController.swift */ = {isa = PBXFileReference; lastKnownFileType = sourcecode.swift; path = HomeViewController.swift; sourceTree = "<group>"; };
		160613212D0715D5002C5707 /* HomeVideoCell.swift */ = {isa = PBXFileReference; lastKnownFileType = sourcecode.swift; path = HomeVideoCell.swift; sourceTree = "<group>"; };
		160613222D0715D5002C5707 /* HomeVideoCell.xib */ = {isa = PBXFileReference; lastKnownFileType = file.xib; path = HomeVideoCell.xib; sourceTree = "<group>"; };
		160613252D072D54002C5707 /* HomeSection.swift */ = {isa = PBXFileReference; lastKnownFileType = sourcecode.swift; path = HomeSection.swift; sourceTree = "<group>"; };
		160613272D07304F002C5707 /* TabBarController.swift */ = {isa = PBXFileReference; lastKnownFileType = sourcecode.swift; path = TabBarController.swift; sourceTree = "<group>"; };
		1612AC8B2D22BC14004E398F /* .swiftlint.yml */ = {isa = PBXFileReference; lastKnownFileType = text.yaml; name = .swiftlint.yml; path = FastAPP2/Home/.swiftlint.yml; sourceTree = "<group>"; };
		164C7D002D157014007E2F18 /* HomeViewModel.swift */ = {isa = PBXFileReference; lastKnownFileType = sourcecode.swift; path = HomeViewModel.swift; sourceTree = "<group>"; };
		164C7D022D157046007E2F18 /* VideoListItemCell.swift */ = {isa = PBXFileReference; lastKnownFileType = sourcecode.swift; path = VideoListItemCell.swift; sourceTree = "<group>"; };
		164C7D032D157046007E2F18 /* VideoListItemCell.xib */ = {isa = PBXFileReference; lastKnownFileType = file.xib; path = VideoListItemCell.xib; sourceTree = "<group>"; };
		164C7D082D15706F007E2F18 /* HomeRecommendContainerCell.swift */ = {isa = PBXFileReference; lastKnownFileType = sourcecode.swift; path = HomeRecommendContainerCell.swift; sourceTree = "<group>"; };
		164C7D092D15706F007E2F18 /* HomeRecommendContainerCell.xib */ = {isa = PBXFileReference; lastKnownFileType = file.xib; path = HomeRecommendContainerCell.xib; sourceTree = "<group>"; };
		164C7D0C2D15707F007E2F18 /* HomeHeaderView.swift */ = {isa = PBXFileReference; lastKnownFileType = sourcecode.swift; path = HomeHeaderView.swift; sourceTree = "<group>"; };
		164C7D0D2D15707F007E2F18 /* HomeHeaderView.xib */ = {isa = PBXFileReference; lastKnownFileType = file.xib; path = HomeHeaderView.xib; sourceTree = "<group>"; };
		164C7D102D15708C007E2F18 /* HomeFooterView.swift */ = {isa = PBXFileReference; lastKnownFileType = sourcecode.swift; path = HomeFooterView.swift; sourceTree = "<group>"; };
		164C7D112D15708C007E2F18 /* HomeFooterView.xib */ = {isa = PBXFileReference; lastKnownFileType = file.xib; path = HomeFooterView.xib; sourceTree = "<group>"; };
		16688DAA2D27B217000025B0 /* APIEndpoints.swift */ = {isa = PBXFileReference; lastKnownFileType = sourcecode.swift; path = APIEndpoints.swift; sourceTree = "<group>"; };
		16688DAC2D27B27B000025B0 /* Home.swift */ = {isa = PBXFileReference; lastKnownFileType = sourcecode.swift; path = Home.swift; sourceTree = "<group>"; };
		16688DAE2D27B284000025B0 /* Bookmark.swift */ = {isa = PBXFileReference; lastKnownFileType = sourcecode.swift; path = Bookmark.swift; sourceTree = "<group>"; };
		16688DB02D27B28D000025B0 /* Favorite.swift */ = {isa = PBXFileReference; lastKnownFileType = sourcecode.swift; path = Favorite.swift; sourceTree = "<group>"; };
		16688DB22D27B295000025B0 /* VideoListItem.swift */ = {isa = PBXFileReference; lastKnownFileType = sourcecode.swift; path = VideoListItem.swift; sourceTree = "<group>"; };
		16688DB62D27B33D000025B0 /* bookmark.json */ = {isa = PBXFileReference; lastKnownFileType = text.json; path = bookmark.json; sourceTree = "<group>"; };
		16688DB82D27B349000025B0 /* favorite.json */ = {isa = PBXFileReference; lastKnownFileType = text.json; path = favorite.json; sourceTree = "<group>"; };
		16688DBA2D27B355000025B0 /* home.json */ = {isa = PBXFileReference; lastKnownFileType = text.json; path = home.json; sourceTree = "<group>"; };
		16688DBC2D27B363000025B0 /* live.json */ = {isa = PBXFileReference; lastKnownFileType = text.json; path = live.json; sourceTree = "<group>"; };
		16688DBE2D27B36D000025B0 /* video.json */ = {isa = PBXFileReference; lastKnownFileType = text.json; path = video.json; sourceTree = "<group>"; };
		16688DC02D27C7A9000025B0 /* HomeRankingHeaderView.swift */ = {isa = PBXFileReference; lastKnownFileType = sourcecode.swift; path = HomeRankingHeaderView.swift; sourceTree = "<group>"; };
		16688DC12D27C7A9000025B0 /* HomeRankingHeaderView.xib */ = {isa = PBXFileReference; lastKnownFileType = file.xib; path = HomeRankingHeaderView.xib; sourceTree = "<group>"; };
		16688DC42D27D39E000025B0 /* HomeRecommendViewModel.swift */ = {isa = PBXFileReference; lastKnownFileType = sourcecode.swift; path = HomeRecommendViewModel.swift; sourceTree = "<group>"; };
		16688DC72D28EF2E000025B0 /* NetworkLoader.swift */ = {isa = PBXFileReference; lastKnownFileType = sourcecode.swift; path = NetworkLoader.swift; sourceTree = "<group>"; };
		16688DC92D2BD1C3000025B0 /* UIImageView+Task.swift */ = {isa = PBXFileReference; lastKnownFileType = sourcecode.swift; path = "UIImageView+Task.swift"; sourceTree = "<group>"; };
		1690CE1D2D26801800989A1A /* HomeRankingContainerCell.swift */ = {isa = PBXFileReference; lastKnownFileType = sourcecode.swift; path = HomeRankingContainerCell.swift; sourceTree = "<group>"; };
		1690CE1E2D26801800989A1A /* HomeRankingContainerCell.xib */ = {isa = PBXFileReference; lastKnownFileType = file.xib; path = HomeRankingContainerCell.xib; sourceTree = "<group>"; };
		1690CE212D26821C00989A1A /* HomeRankingItemCell.swift */ = {isa = PBXFileReference; lastKnownFileType = sourcecode.swift; path = HomeRankingItemCell.swift; sourceTree = "<group>"; };
		1690CE222D26821C00989A1A /* HomeRankingItemCell.xib */ = {isa = PBXFileReference; lastKnownFileType = file.xib; path = HomeRankingItemCell.xib; sourceTree = "<group>"; };
		1690CE252D26883600989A1A /* HomeRecentWatchContainerCell.swift */ = {isa = PBXFileReference; lastKnownFileType = sourcecode.swift; path = HomeRecentWatchContainerCell.swift; sourceTree = "<group>"; };
		1690CE262D26883600989A1A /* HomeRecentWatchContainerCell.xib */ = {isa = PBXFileReference; lastKnownFileType = file.xib; path = HomeRecentWatchContainerCell.xib; sourceTree = "<group>"; };
		1690CE292D26898400989A1A /* HomeRecentWatchItemCell.swift */ = {isa = PBXFileReference; lastKnownFileType = sourcecode.swift; path = HomeRecentWatchItemCell.swift; sourceTree = "<group>"; };
		1690CE2A2D26898400989A1A /* HomeRecentWatchItemCell.xib */ = {isa = PBXFileReference; lastKnownFileType = file.xib; path = HomeRecentWatchItemCell.xib; sourceTree = "<group>"; };
/* End PBXFileReference section */

/* Begin PBXFrameworksBuildPhase section */
		160613022D070140002C5707 /* Frameworks */ = {
			isa = PBXFrameworksBuildPhase;
			buildActionMask = 2147483647;
			files = (
			);
			runOnlyForDeploymentPostprocessing = 0;
		};
/* End PBXFrameworksBuildPhase section */

/* Begin PBXGroup section */
		160612FC2D070140002C5707 = {
			isa = PBXGroup;
			children = (
				1612AC8B2D22BC14004E398F /* .swiftlint.yml */,
				160613072D070140002C5707 /* FastAPP2 */,
				160613062D070140002C5707 /* Products */,
			);
			sourceTree = "<group>";
		};
		160613062D070140002C5707 /* Products */ = {
			isa = PBXGroup;
			children = (
				160613052D070140002C5707 /* FastAPP2.app */,
			);
			name = Products;
			sourceTree = "<group>";
		};
		160613072D070140002C5707 /* FastAPP2 */ = {
			isa = PBXGroup;
			children = (
				16688DC62D28EF14000025B0 /* Util */,
				160613272D07304F002C5707 /* TabBarController.swift */,
				16688DA92D27B1F4000025B0 /* APIEndpoints */,
				16688DA82D27B1EE000025B0 /* Model */,
				16688DB42D27B2D0000025B0 /* JSON */,
				1606131C2D071396002C5707 /* Login */,
				1606131D2D071521002C5707 /* Home */,
				160613082D070140002C5707 /* AppDelegate.swift */,
				1606130A2D070140002C5707 /* SceneDelegate.swift */,
				1606130E2D070140002C5707 /* Main.storyboard */,
				160613112D070141002C5707 /* Assets.xcassets */,
				160613132D070141002C5707 /* LaunchScreen.storyboard */,
				160613162D070141002C5707 /* Info.plist */,
			);
			path = FastAPP2;
			sourceTree = "<group>";
		};
		1606131C2D071396002C5707 /* Login */ = {
			isa = PBXGroup;
			children = (
				1606130C2D070140002C5707 /* LoginViewController.swift */,
			);
			path = Login;
			sourceTree = "<group>";
		};
		1606131D2D071521002C5707 /* Home */ = {
			isa = PBXGroup;
			children = (
				160613202D0715BB002C5707 /* Cell */,
				1606131E2D071532002C5707 /* HomeViewController.swift */,
				160613252D072D54002C5707 /* HomeSection.swift */,
				164C7D002D157014007E2F18 /* HomeViewModel.swift */,
				16688DC42D27D39E000025B0 /* HomeRecommendViewModel.swift */,
			);
			path = Home;
			sourceTree = "<group>";
		};
		160613202D0715BB002C5707 /* Cell */ = {
			isa = PBXGroup;
			children = (
				1690CE1A2D267FE300989A1A /* Ranking */,
				160613212D0715D5002C5707 /* HomeVideoCell.swift */,
				160613222D0715D5002C5707 /* HomeVideoCell.xib */,
				164C7D022D157046007E2F18 /* VideoListItemCell.swift */,
				164C7D032D157046007E2F18 /* VideoListItemCell.xib */,
				164C7D082D15706F007E2F18 /* HomeRecommendContainerCell.swift */,
				164C7D092D15706F007E2F18 /* HomeRecommendContainerCell.xib */,
				164C7D0C2D15707F007E2F18 /* HomeHeaderView.swift */,
				164C7D0D2D15707F007E2F18 /* HomeHeaderView.xib */,
				164C7D102D15708C007E2F18 /* HomeFooterView.swift */,
				164C7D112D15708C007E2F18 /* HomeFooterView.xib */,
			);
			path = Cell;
			sourceTree = "<group>";
		};
		16688DA82D27B1EE000025B0 /* Model */ = {
			isa = PBXGroup;
			children = (
				16688DAC2D27B27B000025B0 /* Home.swift */,
				16688DAE2D27B284000025B0 /* Bookmark.swift */,
				16688DB02D27B28D000025B0 /* Favorite.swift */,
				16688DB22D27B295000025B0 /* VideoListItem.swift */,
			);
			path = Model;
			sourceTree = "<group>";
		};
		16688DA92D27B1F4000025B0 /* APIEndpoints */ = {
			isa = PBXGroup;
			children = (
				16688DAA2D27B217000025B0 /* APIEndpoints.swift */,
			);
			path = APIEndpoints;
			sourceTree = "<group>";
		};
		16688DB42D27B2D0000025B0 /* JSON */ = {
			isa = PBXGroup;
			children = (
				16688DB62D27B33D000025B0 /* bookmark.json */,
				16688DB82D27B349000025B0 /* favorite.json */,
				16688DBA2D27B355000025B0 /* home.json */,
				16688DBC2D27B363000025B0 /* live.json */,
				16688DBE2D27B36D000025B0 /* video.json */,
			);
			path = JSON;
			sourceTree = "<group>";
		};
		16688DC62D28EF14000025B0 /* Util */ = {
			isa = PBXGroup;
			children = (
				16688DC72D28EF2E000025B0 /* NetworkLoader.swift */,
				16688DC92D2BD1C3000025B0 /* UIImageView+Task.swift */,
			);
			path = Util;
			sourceTree = "<group>";
		};
		1690CE1A2D267FE300989A1A /* Ranking */ = {
			isa = PBXGroup;
			children = (
				16688DC02D27C7A9000025B0 /* HomeRankingHeaderView.swift */,
				16688DC12D27C7A9000025B0 /* HomeRankingHeaderView.xib */,
				1690CE1D2D26801800989A1A /* HomeRankingContainerCell.swift */,
				1690CE1E2D26801800989A1A /* HomeRankingContainerCell.xib */,
				1690CE212D26821C00989A1A /* HomeRankingItemCell.swift */,
				1690CE222D26821C00989A1A /* HomeRankingItemCell.xib */,
				1690CE252D26883600989A1A /* HomeRecentWatchContainerCell.swift */,
				1690CE262D26883600989A1A /* HomeRecentWatchContainerCell.xib */,
				1690CE292D26898400989A1A /* HomeRecentWatchItemCell.swift */,
				1690CE2A2D26898400989A1A /* HomeRecentWatchItemCell.xib */,
			);
			path = Ranking;
			sourceTree = "<group>";
		};
/* End PBXGroup section */

/* Begin PBXNativeTarget section */
		160613042D070140002C5707 /* FastAPP2 */ = {
			isa = PBXNativeTarget;
			buildConfigurationList = 160613192D070141002C5707 /* Build configuration list for PBXNativeTarget "FastAPP2" */;
			buildPhases = (
				1612AC832D22B89B004E398F /* SwiftLint */,
				160613012D070140002C5707 /* Sources */,
				160613022D070140002C5707 /* Frameworks */,
				160613032D070140002C5707 /* Resources */,
			);
			buildRules = (
			);
			dependencies = (
			);
			name = FastAPP2;
			productName = FastAPP2;
			productReference = 160613052D070140002C5707 /* FastAPP2.app */;
			productType = "com.apple.product-type.application";
		};
/* End PBXNativeTarget section */

/* Begin PBXProject section */
		160612FD2D070140002C5707 /* Project object */ = {
			isa = PBXProject;
			attributes = {
				BuildIndependentTargetsInParallel = 1;
				LastSwiftUpdateCheck = 1500;
				LastUpgradeCheck = 1500;
				TargetAttributes = {
					160613042D070140002C5707 = {
						CreatedOnToolsVersion = 15.0;
					};
				};
			};
			buildConfigurationList = 160613002D070140002C5707 /* Build configuration list for PBXProject "FastAPP2" */;
			compatibilityVersion = "Xcode 14.0";
			developmentRegion = en;
			hasScannedForEncodings = 0;
			knownRegions = (
				en,
				Base,
			);
			mainGroup = 160612FC2D070140002C5707;
			productRefGroup = 160613062D070140002C5707 /* Products */;
			projectDirPath = "";
			projectRoot = "";
			targets = (
				160613042D070140002C5707 /* FastAPP2 */,
			);
		};
/* End PBXProject section */

/* Begin PBXResourcesBuildPhase section */
		160613032D070140002C5707 /* Resources */ = {
			isa = PBXResourcesBuildPhase;
			buildActionMask = 2147483647;
			files = (
				1612AC8C2D22BC14004E398F /* .swiftlint.yml in Resources */,
				160613152D070141002C5707 /* LaunchScreen.storyboard in Resources */,
				160613122D070141002C5707 /* Assets.xcassets in Resources */,
				164C7D052D157046007E2F18 /* VideoListItemCell.xib in Resources */,
				1690CE242D26821C00989A1A /* HomeRankingItemCell.xib in Resources */,
				164C7D132D15708C007E2F18 /* HomeFooterView.xib in Resources */,
				16688DBD2D27B363000025B0 /* live.json in Resources */,
				1690CE282D26883600989A1A /* HomeRecentWatchContainerCell.xib in Resources */,
				160613242D0715D5002C5707 /* HomeVideoCell.xib in Resources */,
				160613102D070140002C5707 /* Main.storyboard in Resources */,
				1690CE2C2D26898400989A1A /* HomeRecentWatchItemCell.xib in Resources */,
				16688DBB2D27B355000025B0 /* home.json in Resources */,
				16688DC32D27C7A9000025B0 /* HomeRankingHeaderView.xib in Resources */,
				164C7D0F2D15707F007E2F18 /* HomeHeaderView.xib in Resources */,
				16688DBF2D27B36D000025B0 /* video.json in Resources */,
				16688DB72D27B33D000025B0 /* bookmark.json in Resources */,
				164C7D0B2D15706F007E2F18 /* HomeRecommendContainerCell.xib in Resources */,
				16688DB92D27B349000025B0 /* favorite.json in Resources */,
				1690CE202D26801800989A1A /* HomeRankingContainerCell.xib in Resources */,
			);
			runOnlyForDeploymentPostprocessing = 0;
		};
/* End PBXResourcesBuildPhase section */

/* Begin PBXShellScriptBuildPhase section */
		1612AC832D22B89B004E398F /* SwiftLint */ = {
			isa = PBXShellScriptBuildPhase;
			alwaysOutOfDate = 1;
			buildActionMask = 2147483647;
			files = (
			);
			inputFileListPaths = (
			);
			inputPaths = (
			);
			name = SwiftLint;
			outputFileListPaths = (
			);
			outputPaths = (
			);
			runOnlyForDeploymentPostprocessing = 0;
			shellPath = /bin/sh;
			shellScript = "export PATH=\"$PATH:/usr/local/bin\"\nif [ -x /usr/local/bin/swiftlint ]; then\n  /usr/local/bin/swiftlint lint $(find \"${SRCROOT}/FastAPP2\" -name \"*.swift\")\nelse\n  echo \"warning: SwiftLint not installed or not found at /usr/local/bin\"\nfi\n";
		};
/* End PBXShellScriptBuildPhase section */

/* Begin PBXSourcesBuildPhase section */
		160613012D070140002C5707 /* Sources */ = {
			isa = PBXSourcesBuildPhase;
			buildActionMask = 2147483647;
			files = (
				16688DAF2D27B284000025B0 /* Bookmark.swift in Sources */,
				1690CE232D26821C00989A1A /* HomeRankingItemCell.swift in Sources */,
				1690CE1F2D26801800989A1A /* HomeRankingContainerCell.swift in Sources */,
				16688DC22D27C7A9000025B0 /* HomeRankingHeaderView.swift in Sources */,
				1606130D2D070140002C5707 /* LoginViewController.swift in Sources */,
				16688DCA2D2BD1C3000025B0 /* UIImageView+Task.swift in Sources */,
				164C7D0E2D15707F007E2F18 /* HomeHeaderView.swift in Sources */,
				16688DB12D27B28D000025B0 /* Favorite.swift in Sources */,
				16688DAD2D27B27B000025B0 /* Home.swift in Sources */,
				160613092D070140002C5707 /* AppDelegate.swift in Sources */,
				164C7D0A2D15706F007E2F18 /* HomeRecommendContainerCell.swift in Sources */,
				160613262D072D54002C5707 /* HomeSection.swift in Sources */,
				16688DAB2D27B217000025B0 /* APIEndpoints.swift in Sources */,
				1690CE272D26883600989A1A /* HomeRecentWatchContainerCell.swift in Sources */,
				16688DB32D27B295000025B0 /* VideoListItem.swift in Sources */,
				1690CE2B2D26898400989A1A /* HomeRecentWatchItemCell.swift in Sources */,
				164C7D012D157014007E2F18 /* HomeViewModel.swift in Sources */,
				1606130B2D070140002C5707 /* SceneDelegate.swift in Sources */,
				160613282D07304F002C5707 /* TabBarController.swift in Sources */,
				160613232D0715D5002C5707 /* HomeVideoCell.swift in Sources */,
				1606131F2D071532002C5707 /* HomeViewController.swift in Sources */,
				16688DC82D28EF2E000025B0 /* NetworkLoader.swift in Sources */,
				164C7D042D157046007E2F18 /* VideoListItemCell.swift in Sources */,
				164C7D122D15708C007E2F18 /* HomeFooterView.swift in Sources */,
				16688DC52D27D39E000025B0 /* HomeRecommendViewModel.swift in Sources */,
			);
			runOnlyForDeploymentPostprocessing = 0;
		};
/* End PBXSourcesBuildPhase section */

/* Begin PBXVariantGroup section */
		1606130E2D070140002C5707 /* Main.storyboard */ = {
			isa = PBXVariantGroup;
			children = (
				1606130F2D070140002C5707 /* Base */,
			);
			name = Main.storyboard;
			sourceTree = "<group>";
		};
		160613132D070141002C5707 /* LaunchScreen.storyboard */ = {
			isa = PBXVariantGroup;
			children = (
				160613142D070141002C5707 /* Base */,
			);
			name = LaunchScreen.storyboard;
			sourceTree = "<group>";
		};
/* End PBXVariantGroup section */

/* Begin XCBuildConfiguration section */
		160613172D070141002C5707 /* Debug */ = {
			isa = XCBuildConfiguration;
			buildSettings = {
				ALWAYS_SEARCH_USER_PATHS = NO;
				ASSETCATALOG_COMPILER_GENERATE_SWIFT_ASSET_SYMBOL_EXTENSIONS = YES;
				CLANG_ANALYZER_NONNULL = YES;
				CLANG_ANALYZER_NUMBER_OBJECT_CONVERSION = YES_AGGRESSIVE;
				CLANG_CXX_LANGUAGE_STANDARD = "gnu++20";
				CLANG_ENABLE_MODULES = YES;
				CLANG_ENABLE_OBJC_ARC = YES;
				CLANG_ENABLE_OBJC_WEAK = YES;
				CLANG_WARN_BLOCK_CAPTURE_AUTORELEASING = YES;
				CLANG_WARN_BOOL_CONVERSION = YES;
				CLANG_WARN_COMMA = YES;
				CLANG_WARN_CONSTANT_CONVERSION = YES;
				CLANG_WARN_DEPRECATED_OBJC_IMPLEMENTATIONS = YES;
				CLANG_WARN_DIRECT_OBJC_ISA_USAGE = YES_ERROR;
				CLANG_WARN_DOCUMENTATION_COMMENTS = YES;
				CLANG_WARN_EMPTY_BODY = YES;
				CLANG_WARN_ENUM_CONVERSION = YES;
				CLANG_WARN_INFINITE_RECURSION = YES;
				CLANG_WARN_INT_CONVERSION = YES;
				CLANG_WARN_NON_LITERAL_NULL_CONVERSION = YES;
				CLANG_WARN_OBJC_IMPLICIT_RETAIN_SELF = YES;
				CLANG_WARN_OBJC_LITERAL_CONVERSION = YES;
				CLANG_WARN_OBJC_ROOT_CLASS = YES_ERROR;
				CLANG_WARN_QUOTED_INCLUDE_IN_FRAMEWORK_HEADER = YES;
				CLANG_WARN_RANGE_LOOP_ANALYSIS = YES;
				CLANG_WARN_STRICT_PROTOTYPES = YES;
				CLANG_WARN_SUSPICIOUS_MOVE = YES;
				CLANG_WARN_UNGUARDED_AVAILABILITY = YES_AGGRESSIVE;
				CLANG_WARN_UNREACHABLE_CODE = YES;
				CLANG_WARN__DUPLICATE_METHOD_MATCH = YES;
				COPY_PHASE_STRIP = NO;
				DEBUG_INFORMATION_FORMAT = dwarf;
				ENABLE_STRICT_OBJC_MSGSEND = YES;
				ENABLE_TESTABILITY = YES;
				ENABLE_USER_SCRIPT_SANDBOXING = NO;
				GCC_C_LANGUAGE_STANDARD = gnu17;
				GCC_DYNAMIC_NO_PIC = NO;
				GCC_NO_COMMON_BLOCKS = YES;
				GCC_OPTIMIZATION_LEVEL = 0;
				GCC_PREPROCESSOR_DEFINITIONS = (
					"DEBUG=1",
					"$(inherited)",
				);
				GCC_WARN_64_TO_32_BIT_CONVERSION = YES;
				GCC_WARN_ABOUT_RETURN_TYPE = YES_ERROR;
				GCC_WARN_UNDECLARED_SELECTOR = YES;
				GCC_WARN_UNINITIALIZED_AUTOS = YES_AGGRESSIVE;
				GCC_WARN_UNUSED_FUNCTION = YES;
				GCC_WARN_UNUSED_VARIABLE = YES;
				IPHONEOS_DEPLOYMENT_TARGET = 17.0;
				LOCALIZATION_PREFERS_STRING_CATALOGS = YES;
				MTL_ENABLE_DEBUG_INFO = INCLUDE_SOURCE;
				MTL_FAST_MATH = YES;
				ONLY_ACTIVE_ARCH = YES;
				SDKROOT = iphoneos;
				SWIFT_ACTIVE_COMPILATION_CONDITIONS = "DEBUG $(inherited)";
				SWIFT_OPTIMIZATION_LEVEL = "-Onone";
			};
			name = Debug;
		};
		160613182D070141002C5707 /* Release */ = {
			isa = XCBuildConfiguration;
			buildSettings = {
				ALWAYS_SEARCH_USER_PATHS = NO;
				ASSETCATALOG_COMPILER_GENERATE_SWIFT_ASSET_SYMBOL_EXTENSIONS = YES;
				CLANG_ANALYZER_NONNULL = YES;
				CLANG_ANALYZER_NUMBER_OBJECT_CONVERSION = YES_AGGRESSIVE;
				CLANG_CXX_LANGUAGE_STANDARD = "gnu++20";
				CLANG_ENABLE_MODULES = YES;
				CLANG_ENABLE_OBJC_ARC = YES;
				CLANG_ENABLE_OBJC_WEAK = YES;
				CLANG_WARN_BLOCK_CAPTURE_AUTORELEASING = YES;
				CLANG_WARN_BOOL_CONVERSION = YES;
				CLANG_WARN_COMMA = YES;
				CLANG_WARN_CONSTANT_CONVERSION = YES;
				CLANG_WARN_DEPRECATED_OBJC_IMPLEMENTATIONS = YES;
				CLANG_WARN_DIRECT_OBJC_ISA_USAGE = YES_ERROR;
				CLANG_WARN_DOCUMENTATION_COMMENTS = YES;
				CLANG_WARN_EMPTY_BODY = YES;
				CLANG_WARN_ENUM_CONVERSION = YES;
				CLANG_WARN_INFINITE_RECURSION = YES;
				CLANG_WARN_INT_CONVERSION = YES;
				CLANG_WARN_NON_LITERAL_NULL_CONVERSION = YES;
				CLANG_WARN_OBJC_IMPLICIT_RETAIN_SELF = YES;
				CLANG_WARN_OBJC_LITERAL_CONVERSION = YES;
				CLANG_WARN_OBJC_ROOT_CLASS = YES_ERROR;
				CLANG_WARN_QUOTED_INCLUDE_IN_FRAMEWORK_HEADER = YES;
				CLANG_WARN_RANGE_LOOP_ANALYSIS = YES;
				CLANG_WARN_STRICT_PROTOTYPES = YES;
				CLANG_WARN_SUSPICIOUS_MOVE = YES;
				CLANG_WARN_UNGUARDED_AVAILABILITY = YES_AGGRESSIVE;
				CLANG_WARN_UNREACHABLE_CODE = YES;
				CLANG_WARN__DUPLICATE_METHOD_MATCH = YES;
				COPY_PHASE_STRIP = NO;
				DEBUG_INFORMATION_FORMAT = "dwarf-with-dsym";
				ENABLE_NS_ASSERTIONS = NO;
				ENABLE_STRICT_OBJC_MSGSEND = YES;
				ENABLE_USER_SCRIPT_SANDBOXING = NO;
				GCC_C_LANGUAGE_STANDARD = gnu17;
				GCC_NO_COMMON_BLOCKS = YES;
				GCC_WARN_64_TO_32_BIT_CONVERSION = YES;
				GCC_WARN_ABOUT_RETURN_TYPE = YES_ERROR;
				GCC_WARN_UNDECLARED_SELECTOR = YES;
				GCC_WARN_UNINITIALIZED_AUTOS = YES_AGGRESSIVE;
				GCC_WARN_UNUSED_FUNCTION = YES;
				GCC_WARN_UNUSED_VARIABLE = YES;
				IPHONEOS_DEPLOYMENT_TARGET = 17.0;
				LOCALIZATION_PREFERS_STRING_CATALOGS = YES;
				MTL_ENABLE_DEBUG_INFO = NO;
				MTL_FAST_MATH = YES;
				SDKROOT = iphoneos;
				SWIFT_COMPILATION_MODE = wholemodule;
				VALIDATE_PRODUCT = YES;
			};
			name = Release;
		};
		1606131A2D070141002C5707 /* Debug */ = {
			isa = XCBuildConfiguration;
			buildSettings = {
				ASSETCATALOG_COMPILER_APPICON_NAME = AppIcon;
				ASSETCATALOG_COMPILER_GLOBAL_ACCENT_COLOR_NAME = AccentColor;
				CODE_SIGN_STYLE = Automatic;
				CURRENT_PROJECT_VERSION = 1;
				DEVELOPMENT_TEAM = U5MDQP9G89;
				GENERATE_INFOPLIST_FILE = YES;
				INFOPLIST_FILE = FastAPP2/Info.plist;
				INFOPLIST_KEY_UIApplicationSupportsIndirectInputEvents = YES;
				INFOPLIST_KEY_UILaunchStoryboardName = LaunchScreen;
				INFOPLIST_KEY_UIMainStoryboardFile = Main;
				INFOPLIST_KEY_UISupportedInterfaceOrientations = UIInterfaceOrientationPortrait;
				IPHONEOS_DEPLOYMENT_TARGET = 15.0;
				LD_RUNPATH_SEARCH_PATHS = (
					"$(inherited)",
					"@executable_path/Frameworks",
				);
				MARKETING_VERSION = 1.0;
				PRODUCT_BUNDLE_IDENTIFIER = kw.FastAPP2;
				PRODUCT_NAME = "$(TARGET_NAME)";
				SWIFT_EMIT_LOC_STRINGS = YES;
				SWIFT_VERSION = 5.0;
				TARGETED_DEVICE_FAMILY = "1,2";
			};
			name = Debug;
		};
		1606131B2D070141002C5707 /* Release */ = {
			isa = XCBuildConfiguration;
			buildSettings = {
				ASSETCATALOG_COMPILER_APPICON_NAME = AppIcon;
				ASSETCATALOG_COMPILER_GLOBAL_ACCENT_COLOR_NAME = AccentColor;
				CODE_SIGN_STYLE = Automatic;
				CURRENT_PROJECT_VERSION = 1;
				DEVELOPMENT_TEAM = U5MDQP9G89;
				GENERATE_INFOPLIST_FILE = YES;
				INFOPLIST_FILE = FastAPP2/Info.plist;
				INFOPLIST_KEY_UIApplicationSupportsIndirectInputEvents = YES;
				INFOPLIST_KEY_UILaunchStoryboardName = LaunchScreen;
				INFOPLIST_KEY_UIMainStoryboardFile = Main;
				INFOPLIST_KEY_UISupportedInterfaceOrientations = UIInterfaceOrientationPortrait;
				IPHONEOS_DEPLOYMENT_TARGET = 15.0;
				LD_RUNPATH_SEARCH_PATHS = (
					"$(inherited)",
					"@executable_path/Frameworks",
				);
				MARKETING_VERSION = 1.0;
				PRODUCT_BUNDLE_IDENTIFIER = kw.FastAPP2;
				PRODUCT_NAME = "$(TARGET_NAME)";
				SWIFT_EMIT_LOC_STRINGS = YES;
				SWIFT_VERSION = 5.0;
				TARGETED_DEVICE_FAMILY = "1,2";
			};
			name = Release;
		};
/* End XCBuildConfiguration section */

/* Begin XCConfigurationList section */
		160613002D070140002C5707 /* Build configuration list for PBXProject "FastAPP2" */ = {
			isa = XCConfigurationList;
			buildConfigurations = (
				160613172D070141002C5707 /* Debug */,
				160613182D070141002C5707 /* Release */,
			);
			defaultConfigurationIsVisible = 0;
			defaultConfigurationName = Release;
		};
		160613192D070141002C5707 /* Build configuration list for PBXNativeTarget "FastAPP2" */ = {
			isa = XCConfigurationList;
			buildConfigurations = (
				1606131A2D070141002C5707 /* Debug */,
				1606131B2D070141002C5707 /* Release */,
			);
			defaultConfigurationIsVisible = 0;
			defaultConfigurationName = Release;
		};
/* End XCConfigurationList section */
	};
	rootObject = 160612FD2D070140002C5707 /* Project object */;
}
